// !$*UTF8*$!
{
	archiveVersion = 1;
	classes = {
	};
	objectVersion = 50;
	objects = {

/* Begin PBXBuildFile section */
		DE1335252376E07900F55C45 /* AppDelegate.swift in Sources */ = {isa = PBXBuildFile; fileRef = DE1335242376E07900F55C45 /* AppDelegate.swift */; };
		DE1335272376E07900F55C45 /* SceneDelegate.swift in Sources */ = {isa = PBXBuildFile; fileRef = DE1335262376E07900F55C45 /* SceneDelegate.swift */; };
		DE1335292376E07900F55C45 /* ViewController.swift in Sources */ = {isa = PBXBuildFile; fileRef = DE1335282376E07900F55C45 /* ViewController.swift */; };
		DE13352C2376E07900F55C45 /* Main.storyboard in Resources */ = {isa = PBXBuildFile; fileRef = DE13352A2376E07900F55C45 /* Main.storyboard */; };
		DE13352E2376E07F00F55C45 /* Assets.xcassets in Resources */ = {isa = PBXBuildFile; fileRef = DE13352D2376E07F00F55C45 /* Assets.xcassets */; };
		DE1335312376E07F00F55C45 /* LaunchScreen.storyboard in Resources */ = {isa = PBXBuildFile; fileRef = DE13352F2376E07F00F55C45 /* LaunchScreen.storyboard */; };
		DE3827322378A9FB002E612A /* UnsplashKit.framework in Frameworks */ = {isa = PBXBuildFile; fileRef = DE13355323774ED600F55C45 /* UnsplashKit.framework */; };
		DE3827332378A9FB002E612A /* UnsplashKit.framework in Embed Frameworks */ = {isa = PBXBuildFile; fileRef = DE13355323774ED600F55C45 /* UnsplashKit.framework */; settings = {ATTRIBUTES = (CodeSignOnCopy, RemoveHeadersOnCopy, ); }; };
/* End PBXBuildFile section */

/* Begin PBXContainerItemProxy section */
		DE13355223774ED600F55C45 /* PBXContainerItemProxy */ = {
			isa = PBXContainerItemProxy;
			containerPortal = DE13354E23774ED400F55C45 /* UnsplashKit.xcodeproj */;
			proxyType = 2;
			remoteGlobalIDString = DE13354323774ED400F55C45;
			remoteInfo = UnsplashKit;
		};
/* End PBXContainerItemProxy section */

/* Begin PBXCopyFilesBuildPhase section */
		DE3827342378A9FB002E612A /* Embed Frameworks */ = {
			isa = PBXCopyFilesBuildPhase;
			buildActionMask = 2147483647;
			dstPath = "";
			dstSubfolderSpec = 10;
			files = (
				DE3827332378A9FB002E612A /* UnsplashKit.framework in Embed Frameworks */,
			);
			name = "Embed Frameworks";
			runOnlyForDeploymentPostprocessing = 0;
		};
/* End PBXCopyFilesBuildPhase section */

/* Begin PBXFileReference section */
		DE1335212376E07900F55C45 /* Unsplash.app */ = {isa = PBXFileReference; explicitFileType = wrapper.application; includeInIndex = 0; path = Unsplash.app; sourceTree = BUILT_PRODUCTS_DIR; };
		DE1335242376E07900F55C45 /* AppDelegate.swift */ = {isa = PBXFileReference; lastKnownFileType = sourcecode.swift; path = AppDelegate.swift; sourceTree = "<group>"; };
		DE1335262376E07900F55C45 /* SceneDelegate.swift */ = {isa = PBXFileReference; lastKnownFileType = sourcecode.swift; path = SceneDelegate.swift; sourceTree = "<group>"; };
		DE1335282376E07900F55C45 /* ViewController.swift */ = {isa = PBXFileReference; lastKnownFileType = sourcecode.swift; path = ViewController.swift; sourceTree = "<group>"; };
		DE13352B2376E07900F55C45 /* Base */ = {isa = PBXFileReference; lastKnownFileType = file.storyboard; name = Base; path = Base.lproj/Main.storyboard; sourceTree = "<group>"; };
		DE13352D2376E07F00F55C45 /* Assets.xcassets */ = {isa = PBXFileReference; lastKnownFileType = folder.assetcatalog; path = Assets.xcassets; sourceTree = "<group>"; };
		DE1335302376E07F00F55C45 /* Base */ = {isa = PBXFileReference; lastKnownFileType = file.storyboard; name = Base; path = Base.lproj/LaunchScreen.storyboard; sourceTree = "<group>"; };
		DE1335322376E07F00F55C45 /* Info.plist */ = {isa = PBXFileReference; lastKnownFileType = text.plist.xml; path = Info.plist; sourceTree = "<group>"; };
		DE13354E23774ED400F55C45 /* UnsplashKit.xcodeproj */ = {isa = PBXFileReference; lastKnownFileType = "wrapper.pb-project"; name = UnsplashKit.xcodeproj; path = ../UnsplashKit/UnsplashKit.xcodeproj; sourceTree = "<group>"; };
/* End PBXFileReference section */

/* Begin PBXFrameworksBuildPhase section */
		DE13351E2376E07900F55C45 /* Frameworks */ = {
			isa = PBXFrameworksBuildPhase;
			buildActionMask = 2147483647;
			files = (
				DE3827322378A9FB002E612A /* UnsplashKit.framework in Frameworks */,
			);
			runOnlyForDeploymentPostprocessing = 0;
		};
/* End PBXFrameworksBuildPhase section */

/* Begin PBXGroup section */
		DE1335182376E07900F55C45 = {
			isa = PBXGroup;
			children = (
				DE13354E23774ED400F55C45 /* UnsplashKit.xcodeproj */,
				DE1335232376E07900F55C45 /* Unsplash */,
				DE1335222376E07900F55C45 /* Products */,
				DE3827302378A9FB002E612A /* Frameworks */,
			);
			sourceTree = "<group>";
		};
		DE1335222376E07900F55C45 /* Products */ = {
			isa = PBXGroup;
			children = (
				DE1335212376E07900F55C45 /* Unsplash.app */,
			);
			name = Products;
			sourceTree = "<group>";
		};
		DE1335232376E07900F55C45 /* Unsplash */ = {
			isa = PBXGroup;
			children = (
				DE1335242376E07900F55C45 /* AppDelegate.swift */,
				DE1335262376E07900F55C45 /* SceneDelegate.swift */,
				DE1335282376E07900F55C45 /* ViewController.swift */,
				DE13352A2376E07900F55C45 /* Main.storyboard */,
				DE13352D2376E07F00F55C45 /* Assets.xcassets */,
				DE13352F2376E07F00F55C45 /* LaunchScreen.storyboard */,
				DE1335322376E07F00F55C45 /* Info.plist */,
			);
			path = Unsplash;
			sourceTree = "<group>";
		};
		DE13354F23774ED400F55C45 /* Products */ = {
			isa = PBXGroup;
			children = (
				DE13355323774ED600F55C45 /* UnsplashKit.framework */,
			);
			name = Products;
			sourceTree = "<group>";
		};
		DE3827302378A9FB002E612A /* Frameworks */ = {
			isa = PBXGroup;
			children = (
			);
			name = Frameworks;
			sourceTree = "<group>";
		};
/* End PBXGroup section */

/* Begin PBXNativeTarget section */
		DE1335202376E07900F55C45 /* Unsplash */ = {
			isa = PBXNativeTarget;
			buildConfigurationList = DE1335352376E07F00F55C45 /* Build configuration list for PBXNativeTarget "Unsplash" */;
			buildPhases = (
				DE13351D2376E07900F55C45 /* Sources */,
				DE13351E2376E07900F55C45 /* Frameworks */,
				DE13351F2376E07900F55C45 /* Resources */,
				DE3827342378A9FB002E612A /* Embed Frameworks */,
			);
			buildRules = (
			);
			dependencies = (
			);
			name = Unsplash;
			productName = Unsplash;
			productReference = DE1335212376E07900F55C45 /* Unsplash.app */;
			productType = "com.apple.product-type.application";
		};
/* End PBXNativeTarget section */

/* Begin PBXProject section */
		DE1335192376E07900F55C45 /* Project object */ = {
			isa = PBXProject;
			attributes = {
				LastSwiftUpdateCheck = 1120;
				LastUpgradeCheck = 1120;
				ORGANIZATIONNAME = "Yura Voevodin";
				TargetAttributes = {
					DE1335202376E07900F55C45 = {
						CreatedOnToolsVersion = 11.2.1;
					};
				};
			};
			buildConfigurationList = DE13351C2376E07900F55C45 /* Build configuration list for PBXProject "Unsplash" */;
			compatibilityVersion = "Xcode 9.3";
			developmentRegion = en;
			hasScannedForEncodings = 0;
			knownRegions = (
				en,
				Base,
			);
			mainGroup = DE1335182376E07900F55C45;
			productRefGroup = DE1335222376E07900F55C45 /* Products */;
			projectDirPath = "";
			projectReferences = (
				{
					ProductGroup = DE13354F23774ED400F55C45 /* Products */;
					ProjectRef = DE13354E23774ED400F55C45 /* UnsplashKit.xcodeproj */;
				},
			);
			projectRoot = "";
			targets = (
				DE1335202376E07900F55C45 /* Unsplash */,
			);
		};
/* End PBXProject section */

/* Begin PBXReferenceProxy section */
		DE13355323774ED600F55C45 /* UnsplashKit.framework */ = {
			isa = PBXReferenceProxy;
			fileType = wrapper.framework;
			path = UnsplashKit.framework;
			remoteRef = DE13355223774ED600F55C45 /* PBXContainerItemProxy */;
			sourceTree = BUILT_PRODUCTS_DIR;
		};
/* End PBXReferenceProxy section */

/* Begin PBXResourcesBuildPhase section */
		DE13351F2376E07900F55C45 /* Resources */ = {
			isa = PBXResourcesBuildPhase;
			buildActionMask = 2147483647;
			files = (
				DE1335312376E07F00F55C45 /* LaunchScreen.storyboard in Resources */,
				DE13352E2376E07F00F55C45 /* Assets.xcassets in Resources */,
				DE13352C2376E07900F55C45 /* Main.storyboard in Resources */,
			);
			runOnlyForDeploymentPostprocessing = 0;
		};
/* End PBXResourcesBuildPhase section */

/* Begin PBXSourcesBuildPhase section */
		DE13351D2376E07900F55C45 /* Sources */ = {
			isa = PBXSourcesBuildPhase;
			buildActionMask = 2147483647;
			files = (
				DE1335292376E07900F55C45 /* ViewController.swift in Sources */,
				DE1335252376E07900F55C45 /* AppDelegate.swift in Sources */,
				DE1335272376E07900F55C45 /* SceneDelegate.swift in Sources */,
			);
			runOnlyForDeploymentPostprocessing = 0;
		};
/* End PBXSourcesBuildPhase section */

/* Begin PBXVariantGroup section */
		DE13352A2376E07900F55C45 /* Main.storyboard */ = {
			isa = PBXVariantGroup;
			children = (
				DE13352B2376E07900F55C45 /* Base */,
			);
			name = Main.storyboard;
			sourceTree = "<group>";
		};
		DE13352F2376E07F00F55C45 /* LaunchScreen.storyboard */ = {
			isa = PBXVariantGroup;
			children = (
				DE1335302376E07F00F55C45 /* Base */,
			);
			name = LaunchScreen.storyboard;
			sourceTree = "<group>";
		};
/* End PBXVariantGroup section */

/* Begin XCBuildConfiguration section */
		DE1335332376E07F00F55C45 /* Debug */ = {
			isa = XCBuildConfiguration;
			buildSettings = {
				ALWAYS_SEARCH_USER_PATHS = NO;
				CLANG_ANALYZER_NONNULL = YES;
				CLANG_ANALYZER_NUMBER_OBJECT_CONVERSION = YES_AGGRESSIVE;
				CLANG_CXX_LANGUAGE_STANDARD = "gnu++14";
				CLANG_CXX_LIBRARY = "libc++";
				CLANG_ENABLE_MODULES = YES;
				CLANG_ENABLE_OBJC_ARC = YES;
				CLANG_ENABLE_OBJC_WEAK = YES;
				CLANG_WARN_BLOCK_CAPTURE_AUTORELEASING = YES;
				CLANG_WARN_BOOL_CONVERSION = YES;
				CLANG_WARN_COMMA = YES;
				CLANG_WARN_CONSTANT_CONVERSION = YES;
				CLANG_WARN_DEPRECATED_OBJC_IMPLEMENTATIONS = YES;
				CLANG_WARN_DIRECT_OBJC_ISA_USAGE = YES_ERROR;
				CLANG_WARN_DOCUMENTATION_COMMENTS = YES;
				CLANG_WARN_EMPTY_BODY = YES;
				CLANG_WARN_ENUM_CONVERSION = YES;
				CLANG_WARN_INFINITE_RECURSION = YES;
				CLANG_WARN_INT_CONVERSION = YES;
				CLANG_WARN_NON_LITERAL_NULL_CONVERSION = YES;
				CLANG_WARN_OBJC_IMPLICIT_RETAIN_SELF = YES;
				CLANG_WARN_OBJC_LITERAL_CONVERSION = YES;
				CLANG_WARN_OBJC_ROOT_CLASS = YES_ERROR;
				CLANG_WARN_RANGE_LOOP_ANALYSIS = YES;
				CLANG_WARN_STRICT_PROTOTYPES = YES;
				CLANG_WARN_SUSPICIOUS_MOVE = YES;
				CLANG_WARN_UNGUARDED_AVAILABILITY = YES_AGGRESSIVE;
				CLANG_WARN_UNREACHABLE_CODE = YES;
				CLANG_WARN__DUPLICATE_METHOD_MATCH = YES;
				COPY_PHASE_STRIP = NO;
				DEBUG_INFORMATION_FORMAT = dwarf;
				ENABLE_STRICT_OBJC_MSGSEND = YES;
				ENABLE_TESTABILITY = YES;
				GCC_C_LANGUAGE_STANDARD = gnu11;
				GCC_DYNAMIC_NO_PIC = NO;
				GCC_NO_COMMON_BLOCKS = YES;
				GCC_OPTIMIZATION_LEVEL = 0;
				GCC_PREPROCESSOR_DEFINITIONS = (
					"DEBUG=1",
					"$(inherited)",
				);
				GCC_WARN_64_TO_32_BIT_CONVERSION = YES;
				GCC_WARN_ABOUT_RETURN_TYPE = YES_ERROR;
				GCC_WARN_UNDECLARED_SELECTOR = YES;
				GCC_WARN_UNINITIALIZED_AUTOS = YES_AGGRESSIVE;
				GCC_WARN_UNUSED_FUNCTION = YES;
				GCC_WARN_UNUSED_VARIABLE = YES;
				IPHONEOS_DEPLOYMENT_TARGET = 13.2;
				MTL_ENABLE_DEBUG_INFO = INCLUDE_SOURCE;
				MTL_FAST_MATH = YES;
				ONLY_ACTIVE_ARCH = YES;
				SDKROOT = iphoneos;
				SWIFT_ACTIVE_COMPILATION_CONDITIONS = DEBUG;
				SWIFT_OPTIMIZATION_LEVEL = "-Onone";
			};
			name = Debug;
		};
		DE1335342376E07F00F55C45 /* Release */ = {
			isa = XCBuildConfiguration;
			buildSettings = {
				ALWAYS_SEARCH_USER_PATHS = NO;
				CLANG_ANALYZER_NONNULL = YES;
				CLANG_ANALYZER_NUMBER_OBJECT_CONVERSION = YES_AGGRESSIVE;
				CLANG_CXX_LANGUAGE_STANDARD = "gnu++14";
				CLANG_CXX_LIBRARY = "libc++";
				CLANG_ENABLE_MODULES = YES;
				CLANG_ENABLE_OBJC_ARC = YES;
				CLANG_ENABLE_OBJC_WEAK = YES;
				CLANG_WARN_BLOCK_CAPTURE_AUTORELEASING = YES;
				CLANG_WARN_BOOL_CONVERSION = YES;
				CLANG_WARN_COMMA = YES;
				CLANG_WARN_CONSTANT_CONVERSION = YES;
				CLANG_WARN_DEPRECATED_OBJC_IMPLEMENTATIONS = YES;
				CLANG_WARN_DIRECT_OBJC_ISA_USAGE = YES_ERROR;
				CLANG_WARN_DOCUMENTATION_COMMENTS = YES;
				CLANG_WARN_EMPTY_BODY = YES;
				CLANG_WARN_ENUM_CONVERSION = YES;
				CLANG_WARN_INFINITE_RECURSION = YES;
				CLANG_WARN_INT_CONVERSION = YES;
				CLANG_WARN_NON_LITERAL_NULL_CONVERSION = YES;
				CLANG_WARN_OBJC_IMPLICIT_RETAIN_SELF = YES;
				CLANG_WARN_OBJC_LITERAL_CONVERSION = YES;
				CLANG_WARN_OBJC_ROOT_CLASS = YES_ERROR;
				CLANG_WARN_RANGE_LOOP_ANALYSIS = YES;
				CLANG_WARN_STRICT_PROTOTYPES = YES;
				CLANG_WARN_SUSPICIOUS_MOVE = YES;
				CLANG_WARN_UNGUARDED_AVAILABILITY = YES_AGGRESSIVE;
				CLANG_WARN_UNREACHABLE_CODE = YES;
				CLANG_WARN__DUPLICATE_METHOD_MATCH = YES;
				COPY_PHASE_STRIP = NO;
				DEBUG_INFORMATION_FORMAT = "dwarf-with-dsym";
				ENABLE_NS_ASSERTIONS = NO;
				ENABLE_STRICT_OBJC_MSGSEND = YES;
				GCC_C_LANGUAGE_STANDARD = gnu11;
				GCC_NO_COMMON_BLOCKS = YES;
				GCC_WARN_64_TO_32_BIT_CONVERSION = YES;
				GCC_WARN_ABOUT_RETURN_TYPE = YES_ERROR;
				GCC_WARN_UNDECLARED_SELECTOR = YES;
				GCC_WARN_UNINITIALIZED_AUTOS = YES_AGGRESSIVE;
				GCC_WARN_UNUSED_FUNCTION = YES;
				GCC_WARN_UNUSED_VARIABLE = YES;
				IPHONEOS_DEPLOYMENT_TARGET = 13.2;
				MTL_ENABLE_DEBUG_INFO = NO;
				MTL_FAST_MATH = YES;
				SDKROOT = iphoneos;
				SWIFT_COMPILATION_MODE = wholemodule;
				SWIFT_OPTIMIZATION_LEVEL = "-O";
				VALIDATE_PRODUCT = YES;
			};
			name = Release;
		};
		DE1335362376E07F00F55C45 /* Debug */ = {
			isa = XCBuildConfiguration;
			buildSettings = {
				ASSETCATALOG_COMPILER_APPICON_NAME = AppIcon;
				CODE_SIGN_STYLE = Automatic;
				DEVELOPMENT_TEAM = M2BF9ZE9NW;
				INFOPLIST_FILE = Unsplash/Info.plist;
				LD_RUNPATH_SEARCH_PATHS = (
					"$(inherited)",
					"@executable_path/Frameworks",
				);
				PRODUCT_BUNDLE_IDENTIFIER = "com.voevodin-yura.Unsplash";
				PRODUCT_NAME = "$(TARGET_NAME)";
				SWIFT_VERSION = 5.0;
				TARGETED_DEVICE_FAMILY = "1,2";
			};
			name = Debug;
		};
		DE1335372376E07F00F55C45 /* Release */ = {
			isa = XCBuildConfiguration;
			buildSettings = {
				ASSETCATALOG_COMPILER_APPICON_NAME = AppIcon;
				CODE_SIGN_STYLE = Automatic;
				DEVELOPMENT_TEAM = M2BF9ZE9NW;
				INFOPLIST_FILE = Unsplash/Info.plist;
				LD_RUNPATH_SEARCH_PATHS = (
					"$(inherited)",
					"@executable_path/Frameworks",
				);
				PRODUCT_BUNDLE_IDENTIFIER = "com.voevodin-yura.Unsplash";
				PRODUCT_NAME = "$(TARGET_NAME)";
				SWIFT_VERSION = 5.0;
				TARGETED_DEVICE_FAMILY = "1,2";
			};
			name = Release;
		};
/* End XCBuildConfiguration section */

/* Begin XCConfigurationList section */
		DE13351C2376E07900F55C45 /* Build configuration list for PBXProject "Unsplash" */ = {
			isa = XCConfigurationList;
			buildConfigurations = (
				DE1335332376E07F00F55C45 /* Debug */,
				DE1335342376E07F00F55C45 /* Release */,
			);
			defaultConfigurationIsVisible = 0;
			defaultConfigurationName = Release;
		};
		DE1335352376E07F00F55C45 /* Build configuration list for PBXNativeTarget "Unsplash" */ = {
			isa = XCConfigurationList;
			buildConfigurations = (
				DE1335362376E07F00F55C45 /* Debug */,
				DE1335372376E07F00F55C45 /* Release */,
			);
			defaultConfigurationIsVisible = 0;
			defaultConfigurationName = Release;
		};
/* End XCConfigurationList section */
	};
	rootObject = DE1335192376E07900F55C45 /* Project object */;
}
